{
  "name": "03_OracleNoSql",
  "lockfileVersion": 3,
  "requires": true,
  "packages": {
    "": {
      "dependencies": {
        "oracle-nosqldb": "^5.5.2"
      }
    },
    "node_modules/oracle-nosqldb": {
      "version": "5.5.2",
      "resolved": "https://registry.npmjs.org/oracle-nosqldb/-/oracle-nosqldb-5.5.2.tgz",
      "integrity": "sha512-0asYiLwgmBlYie9I4xW9v3/6XtbIJwaaYLr4t3CTlfsOMjYLtcAF5mZXjM51AuQkvHG1HkXXW30cOY4rmFO6bQ==",
      "engines": {
        "node": ">=12.0.0"
      }
    }
  }
}
